
Microsoft Visual Studio Solution File, Format Version 12.00
# Visual Studio Version 16
VisualStudioVersion = 16.0.30523.141
MinimumVisualStudioVersion = 10.0.40219.1
Project("{FAE04EC0-301F-11D3-BF4B-00C04F79EFBC}") = "BlazorDemo", "BlazorDemo\BlazorDemo.csproj", "{D4AE8088-EAE3-4942-88B9-DEF3EEA6055F}"
EndProject
Project("{FAE04EC0-301F-11D3-BF4B-00C04F79EFBC}") = "HealthChecker", "HealthChecker\HealthChecker.csproj", "{319CB35D-0748-4B8D-81AC-627B811874FD}"
EndProject
Project("{FAE04EC0-301F-11D3-BF4B-00C04F79EFBC}") = "MVCDemo", "MVCDemo\MVCDemo.csproj", "{89641EE0-0FE3-40B7-AA61-8A51331D7439}"
EndProject
Global
	GlobalSection(SolutionConfigurationPlatforms) = preSolution
		Debug|Any CPU = Debug|Any CPU
		Release|Any CPU = Release|Any CPU
	EndGlobalSection
	GlobalSection(ProjectConfigurationPlatforms) = postSolution
		{D4AE8088-EAE3-4942-88B9-DEF3EEA6055F}.Debug|Any CPU.ActiveCfg = Debug|Any CPU
		{D4AE8088-EAE3-4942-88B9-DEF3EEA6055F}.Debug|Any CPU.Build.0 = Debug|Any CPU
		{D4AE8088-EAE3-4942-88B9-DEF3EEA6055F}.Release|Any CPU.ActiveCfg = Release|Any CPU
		{D4AE8088-EAE3-4942-88B9-DEF3EEA6055F}.Release|Any CPU.Build.0 = Release|Any CPU
		{319CB35D-0748-4B8D-81AC-627B811874FD}.Debug|Any CPU.ActiveCfg = Debug|Any CPU
		{319CB35D-0748-4B8D-81AC-627B811874FD}.Debug|Any CPU.Build.0 = Debug|Any CPU
		{319CB35D-0748-4B8D-81AC-627B811874FD}.Release|Any CPU.ActiveCfg = Release|Any CPU
		{319CB35D-0748-4B8D-81AC-627B811874FD}.Release|Any CPU.Build.0 = Release|Any CPU
		{89641EE0-0FE3-40B7-AA61-8A51331D7439}.Debug|Any CPU.ActiveCfg = Debug|Any CPU
		{89641EE0-0FE3-40B7-AA61-8A51331D7439}.Debug|Any CPU.Build.0 = Debug|Any CPU
		{89641EE0-0FE3-40B7-AA61-8A51331D7439}.Release|Any CPU.ActiveCfg = Release|Any CPU
		{89641EE0-0FE3-40B7-AA61-8A51331D7439}.Release|Any CPU.Build.0 = Release|Any CPU
	EndGlobalSection
	GlobalSection(SolutionProperties) = preSolution
		HideSolutionNode = FALSE
	EndGlobalSection
	GlobalSection(ExtensibilityGlobals) = postSolution
		SolutionGuid = {96AC89BD-888A-4ACD-85C6-6BD4910803E0}
	EndGlobalSection
EndGlobal
